github.com/andlabs/ui v0.0.0-20200610043537-70a69d6ae31e h1:wSQCJiig/QkoUnpvelSPbLiZNWvh2yMqQTQvIQqSUkU=
github.com/andlabs/ui v0.0.0-20200610043537-70a69d6ae31e/go.mod h1:5G2EjwzgZUPnnReoKvPWVneT8APYbyKkihDVAHUi0II=
github.com/dathoangnd/gonet v1.0.1 h1:FzsjbrpLP1fUXFiGoRYlU3h17mCFv0wfzoHKoSOJ4Fk=
github.com/dathoangnd/gonet v1.0.1/go.mod h1:Ys3wH+xYm+Qfa6XMG0CWKDOo06EaLfn5POnUoR484hg=
